{
  "name": "npm_global",
  "version": "1.0.0",
  "lockfileVersion": 3,
  "requires": true,
  "packages": {
    "": {
      "name": "npm_global",
      "version": "1.0.0",
      "license": "ISC",
      "dependencies": {
        "n": "^10.2.0"
      }
    },
    "node_modules/n": {
      "version": "10.2.0",
      "resolved": "https://registry.npmjs.org/n/-/n-10.2.0.tgz",
      "integrity": "sha512-zlLXwSEMQgAHmsXtcZwNuA2W5rLdAJyg51DI47ubDWE0Bss0ji9sbK3eD6vM7kKgRLTFm/i4+FvE4SXvphaSHg==",
      "os": [
        "!win32"
      ],
      "bin": {
        "n": "bin/n"
      },
      "engines": {
        "node": "*"
      }
    }
  }
}
