{
  "name": "npm_global",
  "version": "1.0.0",
  "lockfileVersion": 3,
  "requires": true,
  "packages": {
    "": {
      "name": "npm_global",
      "version": "1.0.0",
      "license": "ISC",
      "dependencies": {
        "n": "^8.2.0"
      }
    },
    "node_modules/n": {
      "version": "8.2.0",
      "resolved": "https://registry.npmjs.org/n/-/n-8.2.0.tgz",
      "integrity": "sha512-qv+jwJoXaV94C+uASaLS/Qe/iprgvQKe+5hqg6YvUH8mqe5ysgjby875pUVLLWieGFywipEO/J/bgekYbC18Jw==",
      "os": [
        "!win32"
      ],
      "bin": {
        "n": "bin/n"
      },
      "engines": {
        "node": "*"
      }
    }
  }
}
