{
	"name": "@chia/gui",
	"version": "1.2.5-dev41",
	"lockfileVersion": 1,
	"requires": true,
	"dependencies": {
		"eslint-plugin-jest": {
			"version": "24.7.0",
			"resolved": "https://registry.npmjs.org/eslint-plugin-jest/-/eslint-plugin-jest-24.7.0.tgz",
			"integrity": "sha512-wUxdF2bAZiYSKBclsUMrYHH6WxiBreNjyDxbRv345TIvPeoCEgPNEn3Sa+ZrSqsf1Dl9SqqSREXMHExlMMu1DA==",
			"dev": true,
			"requires": {
				"@typescript-eslint/experimental-utils": "^4.0.1"
			},
			"dependencies": {
				"@nodelib/fs.scandir": {
					"version": "2.1.5",
					"resolved": "https://registry.npmjs.org/@nodelib/fs.scandir/-/fs.scandir-2.1.5.tgz",
					"integrity": "sha512-vq24Bq3ym5HEQm2NKCr3yXDwjc7vTsEThRDnkp2DK9p1uqLR+DHurm/NOTo0KG7HYHU7eppKZj3MyqYuMBf62g==",
					"dev": true,
					"requires": {
						"@nodelib/fs.stat": "2.0.5",
						"run-parallel": "^1.1.9"
					}
				},
				"@nodelib/fs.stat": {
					"version": "2.0.5",
					"resolved": "https://registry.npmjs.org/@nodelib/fs.stat/-/fs.stat-2.0.5.tgz",
					"integrity": "sha512-RkhPPp2zrqDAQA/2jNhnztcPAlv64XdhIp7a7454A5ovI7Bukxgt7MX7udwAu3zg1DcpPU0rz3VV1SeaqvY4+A==",
					"dev": true
				},
				"@nodelib/fs.walk": {
					"version": "1.2.8",
					"resolved": "https://registry.npmjs.org/@nodelib/fs.walk/-/fs.walk-1.2.8.tgz",
					"integrity": "sha512-oGB+UxlgWcgQkgwo8GcEGwemoTFt3FIO9ababBmaGwXIoBKZ+GTy0pP185beGg7Llih/NSHSV2XAs1lnznocSg==",
					"dev": true,
					"requires": {
						"@nodelib/fs.scandir": "2.1.5",
						"fastq": "^1.6.0"
					}
				},
				"@types/json-schema": {
					"version": "7.0.9",
					"resolved": "https://registry.npmjs.org/@types/json-schema/-/json-schema-7.0.9.tgz",
					"integrity": "sha512-qcUXuemtEu+E5wZSJHNxUXeCZhAfXKQ41D+duX+VYPde7xyEVZci+/oXKJL13tnRs9lR2pr4fod59GT6/X1/yQ==",
					"dev": true
				},
				"@typescript-eslint/experimental-utils": {
					"version": "4.33.0",
					"resolved": "https://registry.npmjs.org/@typescript-eslint/experimental-utils/-/experimental-utils-4.33.0.tgz",
					"integrity": "sha512-zeQjOoES5JFjTnAhI5QY7ZviczMzDptls15GFsI6jyUOq0kOf9+WonkhtlIhh0RgHRnqj5gdNxW5j1EvAyYg6Q==",
					"dev": true,
					"requires": {
						"@types/json-schema": "^7.0.7",
						"@typescript-eslint/scope-manager": "4.33.0",
						"@typescript-eslint/types": "4.33.0",
						"@typescript-eslint/typescript-estree": "4.33.0",
						"eslint-scope": "^5.1.1",
						"eslint-utils": "^3.0.0"
					}
				},
				"@typescript-eslint/scope-manager": {
					"version": "4.33.0",
					"resolved": "https://registry.npmjs.org/@typescript-eslint/scope-manager/-/scope-manager-4.33.0.tgz",
					"integrity": "sha512-5IfJHpgTsTZuONKbODctL4kKuQje/bzBRkwHE8UOZ4f89Zeddg+EGZs8PD8NcN4LdM3ygHWYB3ukPAYjvl/qbQ==",
					"dev": true,
					"requires": {
						"@typescript-eslint/types": "4.33.0",
						"@typescript-eslint/visitor-keys": "4.33.0"
					}
				},
				"@typescript-eslint/types": {
					"version": "4.33.0",
					"resolved": "https://registry.npmjs.org/@typescript-eslint/types/-/types-4.33.0.tgz",
					"integrity": "sha512-zKp7CjQzLQImXEpLt2BUw1tvOMPfNoTAfb8l51evhYbOEEzdWyQNmHWWGPR6hwKJDAi+1VXSBmnhL9kyVTTOuQ==",
					"dev": true
				},
				"@typescript-eslint/typescript-estree": {
					"version": "4.33.0",
					"resolved": "https://registry.npmjs.org/@typescript-eslint/typescript-estree/-/typescript-estree-4.33.0.tgz",
					"integrity": "sha512-rkWRY1MPFzjwnEVHsxGemDzqqddw2QbTJlICPD9p9I9LfsO8fdmfQPOX3uKfUaGRDFJbfrtm/sXhVXN4E+bzCA==",
					"dev": true,
					"requires": {
						"@typescript-eslint/types": "4.33.0",
						"@typescript-eslint/visitor-keys": "4.33.0",
						"debug": "^4.3.1",
						"globby": "^11.0.3",
						"is-glob": "^4.0.1",
						"semver": "^7.3.5",
						"tsutils": "^3.21.0"
					}
				},
				"@typescript-eslint/visitor-keys": {
					"version": "4.33.0",
					"resolved": "https://registry.npmjs.org/@typescript-eslint/visitor-keys/-/visitor-keys-4.33.0.tgz",
					"integrity": "sha512-uqi/2aSz9g2ftcHWf8uLPJA70rUv6yuMW5Bohw+bwcuzaxQIHaKFZCKGoGXIrc9vkTJ3+0txM73K0Hq3d5wgIg==",
					"dev": true,
					"requires": {
						"@typescript-eslint/types": "4.33.0",
						"eslint-visitor-keys": "^2.0.0"
					}
				},
				"array-union": {
					"version": "2.1.0",
					"resolved": "https://registry.npmjs.org/array-union/-/array-union-2.1.0.tgz",
					"integrity": "sha512-HGyxoOTYUyCM6stUe6EJgnd4EoewAI7zMdfqO+kGjnlZmBDz/cR5pf8r/cR4Wq60sL/p0IkcjUEEPwS3GFrIyw==",
					"dev": true
				},
				"braces": {
					"version": "3.0.2",
					"resolved": "https://registry.npmjs.org/braces/-/braces-3.0.2.tgz",
					"integrity": "sha512-b8um+L1RzM3WDSzvhm6gIz1yfTbBt6YTlcEKAvsmqCZZFw46z626lVj9j1yEPW33H5H+lBQpZMP1k8l+78Ha0A==",
					"dev": true,
					"requires": {
						"fill-range": "^7.0.1"
					}
				},
				"debug": {
					"version": "4.3.2",
					"resolved": "https://registry.npmjs.org/debug/-/debug-4.3.2.tgz",
					"integrity": "sha512-mOp8wKcvj7XxC78zLgw/ZA+6TSgkoE2C/ienthhRD298T7UNwAg9diBpLRxC0mOezLl4B0xV7M0cCO6P/O0Xhw==",
					"dev": true,
					"requires": {
						"ms": "2.1.2"
					}
				},
				"dir-glob": {
					"version": "3.0.1",
					"resolved": "https://registry.npmjs.org/dir-glob/-/dir-glob-3.0.1.tgz",
					"integrity": "sha512-WkrWp9GR4KXfKGYzOLmTuGVi1UWFfws377n9cc55/tb6DuqyF6pcQ5AbiHEshaDpY9v6oaSr2XCDidGmMwdzIA==",
					"dev": true,
					"requires": {
						"path-type": "^4.0.0"
					}
				},
				"eslint-scope": {
					"version": "5.1.1",
					"resolved": "https://registry.npmjs.org/eslint-scope/-/eslint-scope-5.1.1.tgz",
					"integrity": "sha512-2NxwbF/hZ0KpepYN0cNbo+FN6XoK7GaHlQhgx/hIZl6Va0bF45RQOOwhLIy8lQDbuCiadSLCBnH2CFYquit5bw==",
					"dev": true,
					"requires": {
						"esrecurse": "^4.3.0",
						"estraverse": "^4.1.1"
					}
				},
				"eslint-utils": {
					"version": "3.0.0",
					"resolved": "https://registry.npmjs.org/eslint-utils/-/eslint-utils-3.0.0.tgz",
					"integrity": "sha512-uuQC43IGctw68pJA1RgbQS8/NP7rch6Cwd4j3ZBtgo4/8Flj4eGE7ZYSZRN3iq5pVUv6GPdW5Z1RFleo84uLDA==",
					"dev": true,
					"requires": {
						"eslint-visitor-keys": "^2.0.0"
					}
				},
				"eslint-visitor-keys": {
					"version": "2.1.0",
					"resolved": "https://registry.npmjs.org/eslint-visitor-keys/-/eslint-visitor-keys-2.1.0.tgz",
					"integrity": "sha512-0rSmRBzXgDzIsD6mGdJgevzgezI534Cer5L/vyMX0kHzT/jiB43jRhd9YUlMGYLQy2zprNmoT8qasCGtY+QaKw==",
					"dev": true
				},
				"esrecurse": {
					"version": "4.3.0",
					"resolved": "https://registry.npmjs.org/esrecurse/-/esrecurse-4.3.0.tgz",
					"integrity": "sha512-KmfKL3b6G+RXvP8N1vr3Tq1kL/oCFgn2NYXEtqP8/L3pKapUA4G8cFVaoF3SU323CD4XypR/ffioHmkti6/Tag==",
					"dev": true,
					"requires": {
						"estraverse": "^5.2.0"
					},
					"dependencies": {
						"estraverse": {
							"version": "5.2.0",
							"resolved": "https://registry.npmjs.org/estraverse/-/estraverse-5.2.0.tgz",
							"integrity": "sha512-BxbNGGNm0RyRYvUdHpIwv9IWzeM9XClbOxwoATuFdOE7ZE6wHL+HQ5T8hoPM+zHvmKzzsEqhgy0GrQ5X13afiQ==",
							"dev": true
						}
					}
				},
				"estraverse": {
					"version": "4.3.0",
					"resolved": "https://registry.npmjs.org/estraverse/-/estraverse-4.3.0.tgz",
					"integrity": "sha512-39nnKffWz8xN1BU/2c79n9nB9HDzo0niYUqx6xyqUnyoAnQyyWpOTdZEeiCch8BBu515t4wp9ZmgVfVhn9EBpw==",
					"dev": true
				},
				"fast-glob": {
					"version": "3.2.7",
					"resolved": "https://registry.npmjs.org/fast-glob/-/fast-glob-3.2.7.tgz",
					"integrity": "sha512-rYGMRwip6lUMvYD3BTScMwT1HtAs2d71SMv66Vrxs0IekGZEjhM0pcMfjQPnknBt2zeCwQMEupiN02ZP4DiT1Q==",
					"dev": true,
					"requires": {
						"@nodelib/fs.stat": "^2.0.2",
						"@nodelib/fs.walk": "^1.2.3",
						"glob-parent": "^5.1.2",
						"merge2": "^1.3.0",
						"micromatch": "^4.0.4"
					}
				},
				"fastq": {
					"version": "1.13.0",
					"resolved": "https://registry.npmjs.org/fastq/-/fastq-1.13.0.tgz",
					"integrity": "sha512-YpkpUnK8od0o1hmeSc7UUs/eB/vIPWJYjKck2QKIzAf71Vm1AAQ3EbuZB3g2JIy+pg+ERD0vqI79KyZiB2e2Nw==",
					"dev": true,
					"requires": {
						"reusify": "^1.0.4"
					}
				},
				"fill-range": {
					"version": "7.0.1",
					"resolved": "https://registry.npmjs.org/fill-range/-/fill-range-7.0.1.tgz",
					"integrity": "sha512-qOo9F+dMUmC2Lcb4BbVvnKJxTPjCm+RRpe4gDuGrzkL7mEVl/djYSu2OdQ2Pa302N4oqkSg9ir6jaLWJ2USVpQ==",
					"dev": true,
					"requires": {
						"to-regex-range": "^5.0.1"
					}
				},
				"glob-parent": {
					"version": "5.1.2",
					"resolved": "https://registry.npmjs.org/glob-parent/-/glob-parent-5.1.2.tgz",
					"integrity": "sha512-AOIgSQCepiJYwP3ARnGx+5VnTu2HBYdzbGP45eLw1vr3zB3vZLeyed1sC9hnbcOc9/SrMyM5RPQrkGz4aS9Zow==",
					"dev": true,
					"requires": {
						"is-glob": "^4.0.1"
					}
				},
				"globby": {
					"version": "11.0.4",
					"resolved": "https://registry.npmjs.org/globby/-/globby-11.0.4.tgz",
					"integrity": "sha512-9O4MVG9ioZJ08ffbcyVYyLOJLk5JQ688pJ4eMGLpdWLHq/Wr1D9BlriLQyL0E+jbkuePVZXYFj47QM/v093wHg==",
					"dev": true,
					"requires": {
						"array-union": "^2.1.0",
						"dir-glob": "^3.0.1",
						"fast-glob": "^3.1.1",
						"ignore": "^5.1.4",
						"merge2": "^1.3.0",
						"slash": "^3.0.0"
					}
				},
				"ignore": {
					"version": "5.1.8",
					"resolved": "https://registry.npmjs.org/ignore/-/ignore-5.1.8.tgz",
					"integrity": "sha512-BMpfD7PpiETpBl/A6S498BaIJ6Y/ABT93ETbby2fP00v4EbvPBXWEoaR1UBPKs3iR53pJY7EtZk5KACI57i1Uw==",
					"dev": true
				},
				"is-extglob": {
					"version": "2.1.1",
					"resolved": "https://registry.npmjs.org/is-extglob/-/is-extglob-2.1.1.tgz",
					"integrity": "sha1-qIwCU1eR8C7TfHahueqXc8gz+MI=",
					"dev": true
				},
				"is-glob": {
					"version": "4.0.3",
					"resolved": "https://registry.npmjs.org/is-glob/-/is-glob-4.0.3.tgz",
					"integrity": "sha512-xelSayHH36ZgE7ZWhli7pW34hNbNl8Ojv5KVmkJD4hBdD3th8Tfk9vYasLM+mXWOZhFkgZfxhLSnrwRr4elSSg==",
					"dev": true,
					"requires": {
						"is-extglob": "^2.1.1"
					}
				},
				"is-number": {
					"version": "7.0.0",
					"resolved": "https://registry.npmjs.org/is-number/-/is-number-7.0.0.tgz",
					"integrity": "sha512-41Cifkg6e8TylSpdtTpeLVMqvSBEVzTttHvERD741+pnZ8ANv0004MRL43QKPDlK9cGvNp6NZWZUBlbGXYxxng==",
					"dev": true
				},
				"lru-cache": {
					"version": "6.0.0",
					"resolved": "https://registry.npmjs.org/lru-cache/-/lru-cache-6.0.0.tgz",
					"integrity": "sha512-Jo6dJ04CmSjuznwJSS3pUeWmd/H0ffTlkXXgwZi+eq1UCmqQwCh+eLsYOYCwY991i2Fah4h1BEMCx4qThGbsiA==",
					"dev": true,
					"requires": {
						"yallist": "^4.0.0"
					}
				},
				"merge2": {
					"version": "1.4.1",
					"resolved": "https://registry.npmjs.org/merge2/-/merge2-1.4.1.tgz",
					"integrity": "sha512-8q7VEgMJW4J8tcfVPy8g09NcQwZdbwFEqhe/WZkoIzjn/3TGDwtOCYtXGxA3O8tPzpczCCDgv+P2P5y00ZJOOg==",
					"dev": true
				},
				"micromatch": {
					"version": "4.0.4",
					"resolved": "https://registry.npmjs.org/micromatch/-/micromatch-4.0.4.tgz",
					"integrity": "sha512-pRmzw/XUcwXGpD9aI9q/0XOwLNygjETJ8y0ao0wdqprrzDa4YnxLcz7fQRZr8voh8V10kGhABbNcHVk5wHgWwg==",
					"dev": true,
					"requires": {
						"braces": "^3.0.1",
						"picomatch": "^2.2.3"
					}
				},
				"ms": {
					"version": "2.1.2",
					"resolved": "https://registry.npmjs.org/ms/-/ms-2.1.2.tgz",
					"integrity": "sha512-sGkPx+VjMtmA6MX27oA4FBFELFCZZ4S4XqeGOXCv68tT+jb3vk/RyaKWP0PTKyWtmLSM0b+adUTEvbs1PEaH2w==",
					"dev": true
				},
				"path-type": {
					"version": "4.0.0",
					"resolved": "https://registry.npmjs.org/path-type/-/path-type-4.0.0.tgz",
					"integrity": "sha512-gDKb8aZMDeD/tZWs9P6+q0J9Mwkdl6xMV8TjnGP3qJVJ06bdMgkbBlLU8IdfOsIsFz2BW1rNVT3XuNEl8zPAvw==",
					"dev": true
				},
				"picomatch": {
					"version": "2.3.0",
					"resolved": "https://registry.npmjs.org/picomatch/-/picomatch-2.3.0.tgz",
					"integrity": "sha512-lY1Q/PiJGC2zOv/z391WOTD+Z02bCgsFfvxoXXf6h7kv9o+WmsmzYqrAwY63sNgOxE4xEdq0WyUnXfKeBrSvYw==",
					"dev": true
				},
				"queue-microtask": {
					"version": "1.2.3",
					"resolved": "https://registry.npmjs.org/queue-microtask/-/queue-microtask-1.2.3.tgz",
					"integrity": "sha512-NuaNSa6flKT5JaSYQzJok04JzTL1CA6aGhv5rfLW3PgqA+M2ChpZQnAC8h8i4ZFkBS8X5RqkDBHA7r4hej3K9A==",
					"dev": true
				},
				"reusify": {
					"version": "1.0.4",
					"resolved": "https://registry.npmjs.org/reusify/-/reusify-1.0.4.tgz",
					"integrity": "sha512-U9nH88a3fc/ekCF1l0/UP1IosiuIjyTh7hBvXVMHYgVcfGvt897Xguj2UOLDeI5BG2m7/uwyaLVT6fbtCwTyzw==",
					"dev": true
				},
				"run-parallel": {
					"version": "1.2.0",
					"resolved": "https://registry.npmjs.org/run-parallel/-/run-parallel-1.2.0.tgz",
					"integrity": "sha512-5l4VyZR86LZ/lDxZTR6jqL8AFE2S0IFLMP26AbjsLVADxHdhB/c0GUsH+y39UfCi3dzz8OlQuPmnaJOMoDHQBA==",
					"dev": true,
					"requires": {
						"queue-microtask": "^1.2.2"
					}
				},
				"semver": {
					"version": "7.3.5",
					"resolved": "https://registry.npmjs.org/semver/-/semver-7.3.5.tgz",
					"integrity": "sha512-PoeGJYh8HK4BTO/a9Tf6ZG3veo/A7ZVsYrSA6J8ny9nb3B1VrpkuN+z9OE5wfE5p6H4LchYZsegiQgbJD94ZFQ==",
					"dev": true,
					"requires": {
						"lru-cache": "^6.0.0"
					}
				},
				"slash": {
					"version": "3.0.0",
					"resolved": "https://registry.npmjs.org/slash/-/slash-3.0.0.tgz",
					"integrity": "sha512-g9Q1haeby36OSStwb4ntCGGGaKsaVSjQ68fBxoQcutl5fS1vuY18H3wSt3jFyFtrkx+Kz0V1G85A4MyAdDMi2Q==",
					"dev": true
				},
				"to-regex-range": {
					"version": "5.0.1",
					"resolved": "https://registry.npmjs.org/to-regex-range/-/to-regex-range-5.0.1.tgz",
					"integrity": "sha512-65P7iz6X5yEr1cwcgvQxbbIw7Uk3gOy5dIdtZ4rDveLqhrdJP+Li/Hx6tyK0NEb+2GCyneCMJiGqrADCSNk8sQ==",
					"dev": true,
					"requires": {
						"is-number": "^7.0.0"
					}
				},
				"tslib": {
					"version": "1.14.1",
					"resolved": "https://registry.npmjs.org/tslib/-/tslib-1.14.1.tgz",
					"integrity": "sha512-Xni35NKzjgMrwevysHTCArtLDpPvye8zV/0E4EyYn43P7/7qvQwPh9BGkHewbMulVntbigmcT7rdX3BNo9wRJg==",
					"dev": true
				},
				"tsutils": {
					"version": "3.21.0",
					"resolved": "https://registry.npmjs.org/tsutils/-/tsutils-3.21.0.tgz",
					"integrity": "sha512-mHKK3iUXL+3UF6xL5k0PEhKRUBKPBCv/+RkEOpjRWxxx27KKRBmmA60A9pgOUvMi8GKhRMPEmjBRPzs2W7O1OA==",
					"dev": true,
					"requires": {
						"tslib": "^1.8.1"
					}
				},
				"yallist": {
					"version": "4.0.0",
					"resolved": "https://registry.npmjs.org/yallist/-/yallist-4.0.0.tgz",
					"integrity": "sha512-3wdGidZyq5PB084XLES5TpOSRA3wjXAlIWMhum2kRcv/41Sn2emQ0dycQW4uZXLejwKvg6EsvbdlVL+FYEct7A==",
					"dev": true
				}
			}
		},
		"xmldom": {
			"version": "git+ssh://git@github.com/xmldom/xmldom.git#c568938641cc1f121cef5b4df80fcfda1e489b6e",
			"from": "xmldom@github:xmldom/xmldom#0.7.0",
			"dev": true
		}
	}
}
