{
	"name": "@chia/wallet",
	"version": "1.2.5-dev41",
	"lockfileVersion": 2,
	"requires": true,
	"packages": {
		"": {
			"name": "@chia/wallet",
			"version": "1.2.5-dev41",
			"devDependencies": {
				"babel-plugin-styled-components": "^1.13.2"
			},
			"engines": {
				"node": ">=12.20.0"
			}
		},
		"node_modules/babel-plugin-styled-components": {
			"version": "1.13.3",
			"resolved": "https://registry.npmjs.org/babel-plugin-styled-components/-/babel-plugin-styled-components-1.13.3.tgz",
			"integrity": "sha512-meGStRGv+VuKA/q0/jXxrPNWEm4LPfYIqxooDTdmh8kFsP/Ph7jJG5rUPwUPX3QHUvggwdbgdGpo88P/rRYsVw==",
			"dev": true,
			"dependencies": {
				"@babel/helper-annotate-as-pure": "^7.15.4",
				"@babel/helper-module-imports": "^7.15.4",
				"babel-plugin-syntax-jsx": "^6.18.0",
				"lodash": "^4.17.11"
			},
			"peerDependencies": {
				"styled-components": ">= 2"
			}
		},
		"node_modules/babel-plugin-styled-components/node_modules/@babel/helper-annotate-as-pure": {
			"version": "7.15.4",
			"resolved": "https://registry.npmjs.org/@babel/helper-annotate-as-pure/-/helper-annotate-as-pure-7.15.4.tgz",
			"integrity": "sha512-QwrtdNvUNsPCj2lfNQacsGSQvGX8ee1ttrBrcozUP2Sv/jylewBP/8QFe6ZkBsC8T/GYWonNAWJV4aRR9AL2DA==",
			"dev": true,
			"dependencies": {
				"@babel/types": "^7.15.4"
			},
			"engines": {
				"node": ">=6.9.0"
			}
		},
		"node_modules/babel-plugin-styled-components/node_modules/@babel/helper-module-imports": {
			"version": "7.15.4",
			"resolved": "https://registry.npmjs.org/@babel/helper-module-imports/-/helper-module-imports-7.15.4.tgz",
			"integrity": "sha512-jeAHZbzUwdW/xHgHQ3QmWR4Jg6j15q4w/gCfwZvtqOxoo5DKtLHk8Bsf4c5RZRC7NmLEs+ohkdq8jFefuvIxAA==",
			"dev": true,
			"dependencies": {
				"@babel/types": "^7.15.4"
			},
			"engines": {
				"node": ">=6.9.0"
			}
		},
		"node_modules/babel-plugin-styled-components/node_modules/@babel/helper-validator-identifier": {
			"version": "7.15.7",
			"resolved": "https://registry.npmjs.org/@babel/helper-validator-identifier/-/helper-validator-identifier-7.15.7.tgz",
			"integrity": "sha512-K4JvCtQqad9OY2+yTU8w+E82ywk/fe+ELNlt1G8z3bVGlZfn/hOcQQsUhGhW/N+tb3fxK800wLtKOE/aM0m72w==",
			"dev": true,
			"engines": {
				"node": ">=6.9.0"
			}
		},
		"node_modules/babel-plugin-styled-components/node_modules/@babel/types": {
			"version": "7.15.6",
			"resolved": "https://registry.npmjs.org/@babel/types/-/types-7.15.6.tgz",
			"integrity": "sha512-BPU+7QhqNjmWyDO0/vitH/CuhpV8ZmK1wpKva8nuyNF5MJfuRNWMc+hc14+u9xT93kvykMdncrJT19h74uB1Ig==",
			"dev": true,
			"dependencies": {
				"@babel/helper-validator-identifier": "^7.14.9",
				"to-fast-properties": "^2.0.0"
			},
			"engines": {
				"node": ">=6.9.0"
			}
		},
		"node_modules/babel-plugin-styled-components/node_modules/babel-plugin-syntax-jsx": {
			"version": "6.18.0",
			"resolved": "https://registry.npmjs.org/babel-plugin-syntax-jsx/-/babel-plugin-syntax-jsx-6.18.0.tgz",
			"integrity": "sha1-CvMqmm4Tyno/1QaeYtew9Y0NiUY=",
			"dev": true
		},
		"node_modules/babel-plugin-styled-components/node_modules/lodash": {
			"version": "4.17.21",
			"resolved": "https://registry.npmjs.org/lodash/-/lodash-4.17.21.tgz",
			"integrity": "sha512-v2kDEe57lecTulaDIuNTPy3Ry4gLGJ6Z1O3vE1krgXZNrsQ+LFTGHVxVjcXPs17LhbZVGedAJv8XZ1tvj5FvSg==",
			"dev": true
		},
		"node_modules/babel-plugin-styled-components/node_modules/to-fast-properties": {
			"version": "2.0.0",
			"resolved": "https://registry.npmjs.org/to-fast-properties/-/to-fast-properties-2.0.0.tgz",
			"integrity": "sha1-3F5pjL0HkmW8c+A3doGk5Og/YW4=",
			"dev": true,
			"engines": {
				"node": ">=4"
			}
		}
	},
	"dependencies": {
		"babel-plugin-styled-components": {
			"version": "1.13.3",
			"resolved": "https://registry.npmjs.org/babel-plugin-styled-components/-/babel-plugin-styled-components-1.13.3.tgz",
			"integrity": "sha512-meGStRGv+VuKA/q0/jXxrPNWEm4LPfYIqxooDTdmh8kFsP/Ph7jJG5rUPwUPX3QHUvggwdbgdGpo88P/rRYsVw==",
			"dev": true,
			"requires": {
				"@babel/helper-annotate-as-pure": "^7.15.4",
				"@babel/helper-module-imports": "^7.15.4",
				"babel-plugin-syntax-jsx": "^6.18.0",
				"lodash": "^4.17.11"
			},
			"dependencies": {
				"@babel/helper-annotate-as-pure": {
					"version": "7.15.4",
					"resolved": "https://registry.npmjs.org/@babel/helper-annotate-as-pure/-/helper-annotate-as-pure-7.15.4.tgz",
					"integrity": "sha512-QwrtdNvUNsPCj2lfNQacsGSQvGX8ee1ttrBrcozUP2Sv/jylewBP/8QFe6ZkBsC8T/GYWonNAWJV4aRR9AL2DA==",
					"dev": true,
					"requires": {
						"@babel/types": "^7.15.4"
					}
				},
				"@babel/helper-module-imports": {
					"version": "7.15.4",
					"resolved": "https://registry.npmjs.org/@babel/helper-module-imports/-/helper-module-imports-7.15.4.tgz",
					"integrity": "sha512-jeAHZbzUwdW/xHgHQ3QmWR4Jg6j15q4w/gCfwZvtqOxoo5DKtLHk8Bsf4c5RZRC7NmLEs+ohkdq8jFefuvIxAA==",
					"dev": true,
					"requires": {
						"@babel/types": "^7.15.4"
					}
				},
				"@babel/helper-validator-identifier": {
					"version": "7.15.7",
					"resolved": "https://registry.npmjs.org/@babel/helper-validator-identifier/-/helper-validator-identifier-7.15.7.tgz",
					"integrity": "sha512-K4JvCtQqad9OY2+yTU8w+E82ywk/fe+ELNlt1G8z3bVGlZfn/hOcQQsUhGhW/N+tb3fxK800wLtKOE/aM0m72w==",
					"dev": true
				},
				"@babel/types": {
					"version": "7.15.6",
					"resolved": "https://registry.npmjs.org/@babel/types/-/types-7.15.6.tgz",
					"integrity": "sha512-BPU+7QhqNjmWyDO0/vitH/CuhpV8ZmK1wpKva8nuyNF5MJfuRNWMc+hc14+u9xT93kvykMdncrJT19h74uB1Ig==",
					"dev": true,
					"requires": {
						"@babel/helper-validator-identifier": "^7.14.9",
						"to-fast-properties": "^2.0.0"
					}
				},
				"babel-plugin-syntax-jsx": {
					"version": "6.18.0",
					"resolved": "https://registry.npmjs.org/babel-plugin-syntax-jsx/-/babel-plugin-syntax-jsx-6.18.0.tgz",
					"integrity": "sha1-CvMqmm4Tyno/1QaeYtew9Y0NiUY=",
					"dev": true
				},
				"lodash": {
					"version": "4.17.21",
					"resolved": "https://registry.npmjs.org/lodash/-/lodash-4.17.21.tgz",
					"integrity": "sha512-v2kDEe57lecTulaDIuNTPy3Ry4gLGJ6Z1O3vE1krgXZNrsQ+LFTGHVxVjcXPs17LhbZVGedAJv8XZ1tvj5FvSg==",
					"dev": true
				},
				"to-fast-properties": {
					"version": "2.0.0",
					"resolved": "https://registry.npmjs.org/to-fast-properties/-/to-fast-properties-2.0.0.tgz",
					"integrity": "sha1-3F5pjL0HkmW8c+A3doGk5Og/YW4=",
					"dev": true
				}
			}
		}
	}
}
