{
	"name": "@chia/core",
	"version": "1.0.0",
	"lockfileVersion": 2,
	"requires": true,
	"packages": {
		"": {
			"name": "@chia/core",
			"version": "1.0.0",
			"dependencies": {
				"@rehooks/local-storage": "^2.4.3",
				"react-dropzone": "^11.4.0"
			},
			"engines": {
				"node": ">=12.20.0"
			},
			"peerDependencies": {
				"@lingui/core": "^3.11.1",
				"@lingui/react": "^3.11.1",
				"@material-ui/core": "^4.12.3",
				"@material-ui/icons": "^4.11.2",
				"@material-ui/lab": "^4.0.0-alpha.60",
				"react": "^17.0.2",
				"react-dom": "^17.0.2",
				"react-router": "^5.2.1",
				"react-router-dom": "^5.3.0",
				"styled-components": "^5.3.1"
			}
		},
		"node_modules/@rehooks/local-storage": {
			"version": "2.4.3",
			"resolved": "https://registry.npmjs.org/@rehooks/local-storage/-/local-storage-2.4.3.tgz",
			"integrity": "sha512-/Ohn+SnJm1eE3uXv3gsXLE4G6EYT3baqi4V/syyKfbyLoXmTn8h5ciY2ELug3xslzFNUMWyTGY3Ow47gl6k3kA==",
			"peerDependencies": {
				"react": ">=16.8.0"
			}
		},
		"node_modules/react-dropzone": {
			"version": "11.4.1",
			"resolved": "https://registry.npmjs.org/react-dropzone/-/react-dropzone-11.4.1.tgz",
			"integrity": "sha512-7DmD25aoI2CkL3PnIVaCEKe2beeKsen78DjrWAW+04nH7+EOt7YAdm1WmcpWrwuMngRf535i87D/ffXzi28qnA==",
			"dependencies": {
				"attr-accept": "^2.2.1",
				"file-selector": "^0.2.2",
				"prop-types": "^15.7.2"
			},
			"engines": {
				"node": ">= 10"
			},
			"peerDependencies": {
				"react": ">= 16.8"
			}
		},
		"node_modules/react-dropzone/node_modules/attr-accept": {
			"version": "2.2.2",
			"resolved": "https://registry.npmjs.org/attr-accept/-/attr-accept-2.2.2.tgz",
			"integrity": "sha512-7prDjvt9HmqiZ0cl5CRjtS84sEyhsHP2coDkaZKRKVfCDo9s7iw7ChVmar78Gu9pC4SoR/28wFu/G5JJhTnqEg==",
			"engines": {
				"node": ">=4"
			}
		},
		"node_modules/react-dropzone/node_modules/file-selector": {
			"version": "0.2.4",
			"resolved": "https://registry.npmjs.org/file-selector/-/file-selector-0.2.4.tgz",
			"integrity": "sha512-ZDsQNbrv6qRi1YTDOEWzf5J2KjZ9KMI1Q2SGeTkCJmNNW25Jg4TW4UMcmoqcg4WrAyKRcpBXdbWRxkfrOzVRbA==",
			"dependencies": {
				"tslib": "^2.0.3"
			},
			"engines": {
				"node": ">= 10"
			}
		},
		"node_modules/react-dropzone/node_modules/js-tokens": {
			"version": "4.0.0",
			"resolved": "https://registry.npmjs.org/js-tokens/-/js-tokens-4.0.0.tgz",
			"integrity": "sha512-RdJUflcE3cUzKiMqQgsCu06FPu9UdIJO0beYbPhHN4k6apgJtifcoCtT9bcxOpYBtpD2kCM6Sbzg4CausW/PKQ=="
		},
		"node_modules/react-dropzone/node_modules/loose-envify": {
			"version": "1.4.0",
			"resolved": "https://registry.npmjs.org/loose-envify/-/loose-envify-1.4.0.tgz",
			"integrity": "sha512-lyuxPGr/Wfhrlem2CL/UcnUc1zcqKAImBDzukY7Y5F/yQiNdko6+fRLevlw1HgMySw7f611UIY408EtxRSoK3Q==",
			"dependencies": {
				"js-tokens": "^3.0.0 || ^4.0.0"
			},
			"bin": {
				"loose-envify": "cli.js"
			}
		},
		"node_modules/react-dropzone/node_modules/object-assign": {
			"version": "4.1.1",
			"resolved": "https://registry.npmjs.org/object-assign/-/object-assign-4.1.1.tgz",
			"integrity": "sha1-IQmtx5ZYh8/AXLvUQsrIv7s2CGM=",
			"engines": {
				"node": ">=0.10.0"
			}
		},
		"node_modules/react-dropzone/node_modules/prop-types": {
			"version": "15.7.2",
			"resolved": "https://registry.npmjs.org/prop-types/-/prop-types-15.7.2.tgz",
			"integrity": "sha512-8QQikdH7//R2vurIJSutZ1smHYTcLpRWEOlHnzcWHmBYrOGUysKwSsrC89BCiFj3CbrfJ/nXFdJepOVrY1GCHQ==",
			"dependencies": {
				"loose-envify": "^1.4.0",
				"object-assign": "^4.1.1",
				"react-is": "^16.8.1"
			}
		},
		"node_modules/react-dropzone/node_modules/react-is": {
			"version": "16.13.1",
			"resolved": "https://registry.npmjs.org/react-is/-/react-is-16.13.1.tgz",
			"integrity": "sha512-24e6ynE2H+OKt4kqsOvNd8kBpV65zoxbA4BVsEOB3ARVWQki/DHzaUoC5KuON/BiccDaCCTZBuOcfZs70kR8bQ=="
		},
		"node_modules/react-dropzone/node_modules/tslib": {
			"version": "2.3.1",
			"resolved": "https://registry.npmjs.org/tslib/-/tslib-2.3.1.tgz",
			"integrity": "sha512-77EbyPPpMz+FRFRuAFlWMtmgUWGe9UOG2Z25NqCwiIjRhOf5iKGuzSe5P2w1laq+FkRy4p+PCuVkJSGkzTEKVw=="
		}
	},
	"dependencies": {
		"@rehooks/local-storage": {
			"version": "2.4.3",
			"resolved": "https://registry.npmjs.org/@rehooks/local-storage/-/local-storage-2.4.3.tgz",
			"integrity": "sha512-/Ohn+SnJm1eE3uXv3gsXLE4G6EYT3baqi4V/syyKfbyLoXmTn8h5ciY2ELug3xslzFNUMWyTGY3Ow47gl6k3kA=="
		},
		"react-dropzone": {
			"version": "11.4.1",
			"resolved": "https://registry.npmjs.org/react-dropzone/-/react-dropzone-11.4.1.tgz",
			"integrity": "sha512-7DmD25aoI2CkL3PnIVaCEKe2beeKsen78DjrWAW+04nH7+EOt7YAdm1WmcpWrwuMngRf535i87D/ffXzi28qnA==",
			"requires": {
				"attr-accept": "^2.2.1",
				"file-selector": "^0.2.2",
				"prop-types": "^15.7.2"
			},
			"dependencies": {
				"attr-accept": {
					"version": "2.2.2",
					"resolved": "https://registry.npmjs.org/attr-accept/-/attr-accept-2.2.2.tgz",
					"integrity": "sha512-7prDjvt9HmqiZ0cl5CRjtS84sEyhsHP2coDkaZKRKVfCDo9s7iw7ChVmar78Gu9pC4SoR/28wFu/G5JJhTnqEg=="
				},
				"file-selector": {
					"version": "0.2.4",
					"resolved": "https://registry.npmjs.org/file-selector/-/file-selector-0.2.4.tgz",
					"integrity": "sha512-ZDsQNbrv6qRi1YTDOEWzf5J2KjZ9KMI1Q2SGeTkCJmNNW25Jg4TW4UMcmoqcg4WrAyKRcpBXdbWRxkfrOzVRbA==",
					"requires": {
						"tslib": "^2.0.3"
					}
				},
				"js-tokens": {
					"version": "4.0.0",
					"resolved": "https://registry.npmjs.org/js-tokens/-/js-tokens-4.0.0.tgz",
					"integrity": "sha512-RdJUflcE3cUzKiMqQgsCu06FPu9UdIJO0beYbPhHN4k6apgJtifcoCtT9bcxOpYBtpD2kCM6Sbzg4CausW/PKQ=="
				},
				"loose-envify": {
					"version": "1.4.0",
					"resolved": "https://registry.npmjs.org/loose-envify/-/loose-envify-1.4.0.tgz",
					"integrity": "sha512-lyuxPGr/Wfhrlem2CL/UcnUc1zcqKAImBDzukY7Y5F/yQiNdko6+fRLevlw1HgMySw7f611UIY408EtxRSoK3Q==",
					"requires": {
						"js-tokens": "^3.0.0 || ^4.0.0"
					}
				},
				"object-assign": {
					"version": "4.1.1",
					"resolved": "https://registry.npmjs.org/object-assign/-/object-assign-4.1.1.tgz",
					"integrity": "sha1-IQmtx5ZYh8/AXLvUQsrIv7s2CGM="
				},
				"prop-types": {
					"version": "15.7.2",
					"resolved": "https://registry.npmjs.org/prop-types/-/prop-types-15.7.2.tgz",
					"integrity": "sha512-8QQikdH7//R2vurIJSutZ1smHYTcLpRWEOlHnzcWHmBYrOGUysKwSsrC89BCiFj3CbrfJ/nXFdJepOVrY1GCHQ==",
					"requires": {
						"loose-envify": "^1.4.0",
						"object-assign": "^4.1.1",
						"react-is": "^16.8.1"
					}
				},
				"react-is": {
					"version": "16.13.1",
					"resolved": "https://registry.npmjs.org/react-is/-/react-is-16.13.1.tgz",
					"integrity": "sha512-24e6ynE2H+OKt4kqsOvNd8kBpV65zoxbA4BVsEOB3ARVWQki/DHzaUoC5KuON/BiccDaCCTZBuOcfZs70kR8bQ=="
				},
				"tslib": {
					"version": "2.3.1",
					"resolved": "https://registry.npmjs.org/tslib/-/tslib-2.3.1.tgz",
					"integrity": "sha512-77EbyPPpMz+FRFRuAFlWMtmgUWGe9UOG2Z25NqCwiIjRhOf5iKGuzSe5P2w1laq+FkRy4p+PCuVkJSGkzTEKVw=="
				}
			}
		}
	}
}
