{
	"name": "@chia/core",
	"version": "1.0.0",
	"lockfileVersion": 2,
	"requires": true,
	"packages": {
		"": {
			"name": "@chia/core",
			"version": "1.0.0",
			"dependencies": {
				"@rehooks/local-storage": "^2.4.3"
			},
			"devDependencies": {
				"@babel/preset-react": "^7.14.5"
			},
			"engines": {
				"node": ">=12.20.0"
			},
			"peerDependencies": {
				"@chia/api-react": "^1.0.0",
				"@lingui/core": "^3.12.1",
				"@lingui/react": "^3.12.1",
				"@material-ui/core": "^4.12.3",
				"@material-ui/icons": "^4.11.2",
				"@material-ui/lab": "^4.0.0-alpha.60",
				"react": "^17.0.2",
				"react-dom": "^17.0.2",
				"react-router": "^5.2.1",
				"react-router-dom": "^5.3.0",
				"styled-components": "^5.3.1"
			}
		},
		"node_modules/@babel/preset-react": {
			"version": "7.14.5",
			"resolved": "https://registry.npmjs.org/@babel/preset-react/-/preset-react-7.14.5.tgz",
			"integrity": "sha512-XFxBkjyObLvBaAvkx1Ie95Iaq4S/GUEIrejyrntQ/VCMKUYvKLoyKxOBzJ2kjA3b6rC9/KL6KXfDC2GqvLiNqQ==",
			"dev": true,
			"dependencies": {
				"@babel/helper-plugin-utils": "^7.14.5",
				"@babel/helper-validator-option": "^7.14.5",
				"@babel/plugin-transform-react-display-name": "^7.14.5",
				"@babel/plugin-transform-react-jsx": "^7.14.5",
				"@babel/plugin-transform-react-jsx-development": "^7.14.5",
				"@babel/plugin-transform-react-pure-annotations": "^7.14.5"
			},
			"engines": {
				"node": ">=6.9.0"
			},
			"peerDependencies": {
				"@babel/core": "^7.0.0-0"
			}
		},
		"node_modules/@babel/preset-react/node_modules/@babel/helper-annotate-as-pure": {
			"version": "7.15.4",
			"resolved": "https://registry.npmjs.org/@babel/helper-annotate-as-pure/-/helper-annotate-as-pure-7.15.4.tgz",
			"integrity": "sha512-QwrtdNvUNsPCj2lfNQacsGSQvGX8ee1ttrBrcozUP2Sv/jylewBP/8QFe6ZkBsC8T/GYWonNAWJV4aRR9AL2DA==",
			"dev": true,
			"dependencies": {
				"@babel/types": "^7.15.4"
			},
			"engines": {
				"node": ">=6.9.0"
			}
		},
		"node_modules/@babel/preset-react/node_modules/@babel/helper-module-imports": {
			"version": "7.15.4",
			"resolved": "https://registry.npmjs.org/@babel/helper-module-imports/-/helper-module-imports-7.15.4.tgz",
			"integrity": "sha512-jeAHZbzUwdW/xHgHQ3QmWR4Jg6j15q4w/gCfwZvtqOxoo5DKtLHk8Bsf4c5RZRC7NmLEs+ohkdq8jFefuvIxAA==",
			"dev": true,
			"dependencies": {
				"@babel/types": "^7.15.4"
			},
			"engines": {
				"node": ">=6.9.0"
			}
		},
		"node_modules/@babel/preset-react/node_modules/@babel/helper-plugin-utils": {
			"version": "7.14.5",
			"resolved": "https://registry.npmjs.org/@babel/helper-plugin-utils/-/helper-plugin-utils-7.14.5.tgz",
			"integrity": "sha512-/37qQCE3K0vvZKwoK4XU/irIJQdIfCJuhU5eKnNxpFDsOkgFaUAwbv+RYw6eYgsC0E4hS7r5KqGULUogqui0fQ==",
			"dev": true,
			"engines": {
				"node": ">=6.9.0"
			}
		},
		"node_modules/@babel/preset-react/node_modules/@babel/helper-validator-identifier": {
			"version": "7.15.7",
			"resolved": "https://registry.npmjs.org/@babel/helper-validator-identifier/-/helper-validator-identifier-7.15.7.tgz",
			"integrity": "sha512-K4JvCtQqad9OY2+yTU8w+E82ywk/fe+ELNlt1G8z3bVGlZfn/hOcQQsUhGhW/N+tb3fxK800wLtKOE/aM0m72w==",
			"dev": true,
			"engines": {
				"node": ">=6.9.0"
			}
		},
		"node_modules/@babel/preset-react/node_modules/@babel/helper-validator-option": {
			"version": "7.14.5",
			"resolved": "https://registry.npmjs.org/@babel/helper-validator-option/-/helper-validator-option-7.14.5.tgz",
			"integrity": "sha512-OX8D5eeX4XwcroVW45NMvoYaIuFI+GQpA2a8Gi+X/U/cDUIRsV37qQfF905F0htTRCREQIB4KqPeaveRJUl3Ow==",
			"dev": true,
			"engines": {
				"node": ">=6.9.0"
			}
		},
		"node_modules/@babel/preset-react/node_modules/@babel/plugin-syntax-jsx": {
			"version": "7.14.5",
			"resolved": "https://registry.npmjs.org/@babel/plugin-syntax-jsx/-/plugin-syntax-jsx-7.14.5.tgz",
			"integrity": "sha512-ohuFIsOMXJnbOMRfX7/w7LocdR6R7whhuRD4ax8IipLcLPlZGJKkBxgHp++U4N/vKyU16/YDQr2f5seajD3jIw==",
			"dev": true,
			"dependencies": {
				"@babel/helper-plugin-utils": "^7.14.5"
			},
			"engines": {
				"node": ">=6.9.0"
			},
			"peerDependencies": {
				"@babel/core": "^7.0.0-0"
			}
		},
		"node_modules/@babel/preset-react/node_modules/@babel/plugin-transform-react-display-name": {
			"version": "7.15.1",
			"resolved": "https://registry.npmjs.org/@babel/plugin-transform-react-display-name/-/plugin-transform-react-display-name-7.15.1.tgz",
			"integrity": "sha512-yQZ/i/pUCJAHI/LbtZr413S3VT26qNrEm0M5RRxQJA947/YNYwbZbBaXGDrq6CG5QsZycI1VIP6d7pQaBfP+8Q==",
			"dev": true,
			"dependencies": {
				"@babel/helper-plugin-utils": "^7.14.5"
			},
			"engines": {
				"node": ">=6.9.0"
			},
			"peerDependencies": {
				"@babel/core": "^7.0.0-0"
			}
		},
		"node_modules/@babel/preset-react/node_modules/@babel/plugin-transform-react-jsx": {
			"version": "7.14.9",
			"resolved": "https://registry.npmjs.org/@babel/plugin-transform-react-jsx/-/plugin-transform-react-jsx-7.14.9.tgz",
			"integrity": "sha512-30PeETvS+AeD1f58i1OVyoDlVYQhap/K20ZrMjLmmzmC2AYR/G43D4sdJAaDAqCD3MYpSWbmrz3kES158QSLjw==",
			"dev": true,
			"dependencies": {
				"@babel/helper-annotate-as-pure": "^7.14.5",
				"@babel/helper-module-imports": "^7.14.5",
				"@babel/helper-plugin-utils": "^7.14.5",
				"@babel/plugin-syntax-jsx": "^7.14.5",
				"@babel/types": "^7.14.9"
			},
			"engines": {
				"node": ">=6.9.0"
			},
			"peerDependencies": {
				"@babel/core": "^7.0.0-0"
			}
		},
		"node_modules/@babel/preset-react/node_modules/@babel/plugin-transform-react-jsx-development": {
			"version": "7.14.5",
			"resolved": "https://registry.npmjs.org/@babel/plugin-transform-react-jsx-development/-/plugin-transform-react-jsx-development-7.14.5.tgz",
			"integrity": "sha512-rdwG/9jC6QybWxVe2UVOa7q6cnTpw8JRRHOxntG/h6g/guAOe6AhtQHJuJh5FwmnXIT1bdm5vC2/5huV8ZOorQ==",
			"dev": true,
			"dependencies": {
				"@babel/plugin-transform-react-jsx": "^7.14.5"
			},
			"engines": {
				"node": ">=6.9.0"
			},
			"peerDependencies": {
				"@babel/core": "^7.0.0-0"
			}
		},
		"node_modules/@babel/preset-react/node_modules/@babel/plugin-transform-react-pure-annotations": {
			"version": "7.14.5",
			"resolved": "https://registry.npmjs.org/@babel/plugin-transform-react-pure-annotations/-/plugin-transform-react-pure-annotations-7.14.5.tgz",
			"integrity": "sha512-3X4HpBJimNxW4rhUy/SONPyNQHp5YRr0HhJdT2OH1BRp0of7u3Dkirc7x9FRJMKMqTBI079VZ1hzv7Ouuz///g==",
			"dev": true,
			"dependencies": {
				"@babel/helper-annotate-as-pure": "^7.14.5",
				"@babel/helper-plugin-utils": "^7.14.5"
			},
			"engines": {
				"node": ">=6.9.0"
			},
			"peerDependencies": {
				"@babel/core": "^7.0.0-0"
			}
		},
		"node_modules/@babel/preset-react/node_modules/@babel/types": {
			"version": "7.15.6",
			"resolved": "https://registry.npmjs.org/@babel/types/-/types-7.15.6.tgz",
			"integrity": "sha512-BPU+7QhqNjmWyDO0/vitH/CuhpV8ZmK1wpKva8nuyNF5MJfuRNWMc+hc14+u9xT93kvykMdncrJT19h74uB1Ig==",
			"dev": true,
			"dependencies": {
				"@babel/helper-validator-identifier": "^7.14.9",
				"to-fast-properties": "^2.0.0"
			},
			"engines": {
				"node": ">=6.9.0"
			}
		},
		"node_modules/@babel/preset-react/node_modules/to-fast-properties": {
			"version": "2.0.0",
			"resolved": "https://registry.npmjs.org/to-fast-properties/-/to-fast-properties-2.0.0.tgz",
			"integrity": "sha1-3F5pjL0HkmW8c+A3doGk5Og/YW4=",
			"dev": true,
			"engines": {
				"node": ">=4"
			}
		},
		"node_modules/@rehooks/local-storage": {
			"version": "2.4.3",
			"resolved": "https://registry.npmjs.org/@rehooks/local-storage/-/local-storage-2.4.3.tgz",
			"integrity": "sha512-/Ohn+SnJm1eE3uXv3gsXLE4G6EYT3baqi4V/syyKfbyLoXmTn8h5ciY2ELug3xslzFNUMWyTGY3Ow47gl6k3kA==",
			"peerDependencies": {
				"react": ">=16.8.0"
			}
		}
	},
	"dependencies": {
		"@babel/preset-react": {
			"version": "7.14.5",
			"resolved": "https://registry.npmjs.org/@babel/preset-react/-/preset-react-7.14.5.tgz",
			"integrity": "sha512-XFxBkjyObLvBaAvkx1Ie95Iaq4S/GUEIrejyrntQ/VCMKUYvKLoyKxOBzJ2kjA3b6rC9/KL6KXfDC2GqvLiNqQ==",
			"dev": true,
			"requires": {
				"@babel/helper-plugin-utils": "^7.14.5",
				"@babel/helper-validator-option": "^7.14.5",
				"@babel/plugin-transform-react-display-name": "^7.14.5",
				"@babel/plugin-transform-react-jsx": "^7.14.5",
				"@babel/plugin-transform-react-jsx-development": "^7.14.5",
				"@babel/plugin-transform-react-pure-annotations": "^7.14.5"
			},
			"dependencies": {
				"@babel/helper-annotate-as-pure": {
					"version": "7.15.4",
					"resolved": "https://registry.npmjs.org/@babel/helper-annotate-as-pure/-/helper-annotate-as-pure-7.15.4.tgz",
					"integrity": "sha512-QwrtdNvUNsPCj2lfNQacsGSQvGX8ee1ttrBrcozUP2Sv/jylewBP/8QFe6ZkBsC8T/GYWonNAWJV4aRR9AL2DA==",
					"dev": true,
					"requires": {
						"@babel/types": "^7.15.4"
					}
				},
				"@babel/helper-module-imports": {
					"version": "7.15.4",
					"resolved": "https://registry.npmjs.org/@babel/helper-module-imports/-/helper-module-imports-7.15.4.tgz",
					"integrity": "sha512-jeAHZbzUwdW/xHgHQ3QmWR4Jg6j15q4w/gCfwZvtqOxoo5DKtLHk8Bsf4c5RZRC7NmLEs+ohkdq8jFefuvIxAA==",
					"dev": true,
					"requires": {
						"@babel/types": "^7.15.4"
					}
				},
				"@babel/helper-plugin-utils": {
					"version": "7.14.5",
					"resolved": "https://registry.npmjs.org/@babel/helper-plugin-utils/-/helper-plugin-utils-7.14.5.tgz",
					"integrity": "sha512-/37qQCE3K0vvZKwoK4XU/irIJQdIfCJuhU5eKnNxpFDsOkgFaUAwbv+RYw6eYgsC0E4hS7r5KqGULUogqui0fQ==",
					"dev": true
				},
				"@babel/helper-validator-identifier": {
					"version": "7.15.7",
					"resolved": "https://registry.npmjs.org/@babel/helper-validator-identifier/-/helper-validator-identifier-7.15.7.tgz",
					"integrity": "sha512-K4JvCtQqad9OY2+yTU8w+E82ywk/fe+ELNlt1G8z3bVGlZfn/hOcQQsUhGhW/N+tb3fxK800wLtKOE/aM0m72w==",
					"dev": true
				},
				"@babel/helper-validator-option": {
					"version": "7.14.5",
					"resolved": "https://registry.npmjs.org/@babel/helper-validator-option/-/helper-validator-option-7.14.5.tgz",
					"integrity": "sha512-OX8D5eeX4XwcroVW45NMvoYaIuFI+GQpA2a8Gi+X/U/cDUIRsV37qQfF905F0htTRCREQIB4KqPeaveRJUl3Ow==",
					"dev": true
				},
				"@babel/plugin-syntax-jsx": {
					"version": "7.14.5",
					"resolved": "https://registry.npmjs.org/@babel/plugin-syntax-jsx/-/plugin-syntax-jsx-7.14.5.tgz",
					"integrity": "sha512-ohuFIsOMXJnbOMRfX7/w7LocdR6R7whhuRD4ax8IipLcLPlZGJKkBxgHp++U4N/vKyU16/YDQr2f5seajD3jIw==",
					"dev": true,
					"requires": {
						"@babel/helper-plugin-utils": "^7.14.5"
					}
				},
				"@babel/plugin-transform-react-display-name": {
					"version": "7.15.1",
					"resolved": "https://registry.npmjs.org/@babel/plugin-transform-react-display-name/-/plugin-transform-react-display-name-7.15.1.tgz",
					"integrity": "sha512-yQZ/i/pUCJAHI/LbtZr413S3VT26qNrEm0M5RRxQJA947/YNYwbZbBaXGDrq6CG5QsZycI1VIP6d7pQaBfP+8Q==",
					"dev": true,
					"requires": {
						"@babel/helper-plugin-utils": "^7.14.5"
					}
				},
				"@babel/plugin-transform-react-jsx": {
					"version": "7.14.9",
					"resolved": "https://registry.npmjs.org/@babel/plugin-transform-react-jsx/-/plugin-transform-react-jsx-7.14.9.tgz",
					"integrity": "sha512-30PeETvS+AeD1f58i1OVyoDlVYQhap/K20ZrMjLmmzmC2AYR/G43D4sdJAaDAqCD3MYpSWbmrz3kES158QSLjw==",
					"dev": true,
					"requires": {
						"@babel/helper-annotate-as-pure": "^7.14.5",
						"@babel/helper-module-imports": "^7.14.5",
						"@babel/helper-plugin-utils": "^7.14.5",
						"@babel/plugin-syntax-jsx": "^7.14.5",
						"@babel/types": "^7.14.9"
					}
				},
				"@babel/plugin-transform-react-jsx-development": {
					"version": "7.14.5",
					"resolved": "https://registry.npmjs.org/@babel/plugin-transform-react-jsx-development/-/plugin-transform-react-jsx-development-7.14.5.tgz",
					"integrity": "sha512-rdwG/9jC6QybWxVe2UVOa7q6cnTpw8JRRHOxntG/h6g/guAOe6AhtQHJuJh5FwmnXIT1bdm5vC2/5huV8ZOorQ==",
					"dev": true,
					"requires": {
						"@babel/plugin-transform-react-jsx": "^7.14.5"
					}
				},
				"@babel/plugin-transform-react-pure-annotations": {
					"version": "7.14.5",
					"resolved": "https://registry.npmjs.org/@babel/plugin-transform-react-pure-annotations/-/plugin-transform-react-pure-annotations-7.14.5.tgz",
					"integrity": "sha512-3X4HpBJimNxW4rhUy/SONPyNQHp5YRr0HhJdT2OH1BRp0of7u3Dkirc7x9FRJMKMqTBI079VZ1hzv7Ouuz///g==",
					"dev": true,
					"requires": {
						"@babel/helper-annotate-as-pure": "^7.14.5",
						"@babel/helper-plugin-utils": "^7.14.5"
					}
				},
				"@babel/types": {
					"version": "7.15.6",
					"resolved": "https://registry.npmjs.org/@babel/types/-/types-7.15.6.tgz",
					"integrity": "sha512-BPU+7QhqNjmWyDO0/vitH/CuhpV8ZmK1wpKva8nuyNF5MJfuRNWMc+hc14+u9xT93kvykMdncrJT19h74uB1Ig==",
					"dev": true,
					"requires": {
						"@babel/helper-validator-identifier": "^7.14.9",
						"to-fast-properties": "^2.0.0"
					}
				},
				"to-fast-properties": {
					"version": "2.0.0",
					"resolved": "https://registry.npmjs.org/to-fast-properties/-/to-fast-properties-2.0.0.tgz",
					"integrity": "sha1-3F5pjL0HkmW8c+A3doGk5Og/YW4=",
					"dev": true
				}
			}
		},
		"@rehooks/local-storage": {
			"version": "2.4.3",
			"resolved": "https://registry.npmjs.org/@rehooks/local-storage/-/local-storage-2.4.3.tgz",
			"integrity": "sha512-/Ohn+SnJm1eE3uXv3gsXLE4G6EYT3baqi4V/syyKfbyLoXmTn8h5ciY2ELug3xslzFNUMWyTGY3Ow47gl6k3kA=="
		}
	}
}
